// !$*UTF8*$!
{
	archiveVersion = 1;
	classes = {
	};
	objectVersion = 46;
	objects = {

/* Begin PBXBuildFile section */
		49357018176A841600D9F426 /* Default-568h@2x.png in Resources */ = {isa = PBXBuildFile; fileRef = 49357017176A841600D9F426 /* Default-568h@2x.png */; };
		49357040176A84EF00D9F426 /* PPEngine.m in Sources */ = {isa = PBXBuildFile; fileRef = 49356FE3176A819300D9F426 /* PPEngine.m */; };
		49357041176A84EF00D9F426 /* PPViewController.m in Sources */ = {isa = PBXBuildFile; fileRef = 49357006176A819400D9F426 /* PPViewController.m */; };
		49357042176A84EF00D9F426 /* PPAnimation.m in Sources */ = {isa = PBXBuildFile; fileRef = 49356FDA176A819300D9F426 /* PPAnimation.m */; };
		49357043176A84EF00D9F426 /* PPStage.m in Sources */ = {isa = PBXBuildFile; fileRef = 49356FF9176A819400D9F426 /* PPStage.m */; };
		49357044176A84EF00D9F426 /* PPLayer.m in Sources */ = {isa = PBXBuildFile; fileRef = 49356FE9176A819300D9F426 /* PPLayer.m */; };
		49357045176A84EF00D9F426 /* PPSpriteLayer.m in Sources */ = {isa = PBXBuildFile; fileRef = 49356FF5176A819300D9F426 /* PPSpriteLayer.m */; };
		49357046176A84EF00D9F426 /* PPTileLayer.m in Sources */ = {isa = PBXBuildFile; fileRef = 49357012176A838F00D9F426 /* PPTileLayer.m */; };
		49357047176A84EF00D9F426 /* PPObject.m in Sources */ = {isa = PBXBuildFile; fileRef = 49356FED176A819300D9F426 /* PPObject.m */; };
		49357048176A84EF00D9F426 /* PPStageElement.m in Sources */ = {isa = PBXBuildFile; fileRef = 49356FFD176A819400D9F426 /* PPStageElement.m */; };
		49357049176A84EF00D9F426 /* PPCamera.m in Sources */ = {isa = PBXBuildFile; fileRef = 49356FE0176A819300D9F426 /* PPCamera.m */; };
		4935704A176A84EF00D9F426 /* PPSprite.m in Sources */ = {isa = PBXBuildFile; fileRef = 49356FF1176A819300D9F426 /* PPSprite.m */; };
		4935704B176A84EF00D9F426 /* PPSpriteFrameInfo.m in Sources */ = {isa = PBXBuildFile; fileRef = 49356FF3176A819300D9F426 /* PPSpriteFrameInfo.m */; };
		4935704C176A84EF00D9F426 /* PPTextureAtlas.m in Sources */ = {isa = PBXBuildFile; fileRef = 49356FFF176A819400D9F426 /* PPTextureAtlas.m */; };
		4935704D176A84EF00D9F426 /* PPSpritesheet.m in Sources */ = {isa = PBXBuildFile; fileRef = 49356FF7176A819300D9F426 /* PPSpritesheet.m */; };
		4935704E176A84EF00D9F426 /* PPTileset.m in Sources */ = {isa = PBXBuildFile; fileRef = 49357003176A819400D9F426 /* PPTileset.m */; };
		4935704F176A84EF00D9F426 /* PPTilemap.m in Sources */ = {isa = PBXBuildFile; fileRef = 4935700C176A834900D9F426 /* PPTilemap.m */; };
		49357050176A84EF00D9F426 /* PPFileUtils.m in Sources */ = {isa = PBXBuildFile; fileRef = 49356FE5176A819300D9F426 /* PPFileUtils.m */; };
		4973F04B1761615F00DAD940 /* ViewController.m in Sources */ = {isa = PBXBuildFile; fileRef = 4973F04A1761615F00DAD940 /* ViewController.m */; };
		499A5C8E175E8FBD000C811E /* TestStage.m in Sources */ = {isa = PBXBuildFile; fileRef = 499A5C8D175E8FBD000C811E /* TestStage.m */; };
		49D058DB175D5D8400CA0F2E /* UIKit.framework in Frameworks */ = {isa = PBXBuildFile; fileRef = 49D058DA175D5D8400CA0F2E /* UIKit.framework */; };
		49D058DD175D5D8400CA0F2E /* Foundation.framework in Frameworks */ = {isa = PBXBuildFile; fileRef = 49D058DC175D5D8400CA0F2E /* Foundation.framework */; };
		49D058DF175D5D8400CA0F2E /* CoreGraphics.framework in Frameworks */ = {isa = PBXBuildFile; fileRef = 49D058DE175D5D8400CA0F2E /* CoreGraphics.framework */; };
		49D058E5175D5D8400CA0F2E /* InfoPlist.strings in Resources */ = {isa = PBXBuildFile; fileRef = 49D058E3175D5D8400CA0F2E /* InfoPlist.strings */; };
		49D058E7175D5D8400CA0F2E /* main.m in Sources */ = {isa = PBXBuildFile; fileRef = 49D058E6175D5D8400CA0F2E /* main.m */; };
		49D058EB175D5D8400CA0F2E /* AppDelegate.m in Sources */ = {isa = PBXBuildFile; fileRef = 49D058EA175D5D8400CA0F2E /* AppDelegate.m */; };
		49D05902175D5E3200CA0F2E /* GLKit.framework in Frameworks */ = {isa = PBXBuildFile; fileRef = 49D05900175D5E3200CA0F2E /* GLKit.framework */; };
		49D05903175D5E3200CA0F2E /* OpenGLES.framework in Frameworks */ = {isa = PBXBuildFile; fileRef = 49D05901175D5E3200CA0F2E /* OpenGLES.framework */; };
/* End PBXBuildFile section */

/* Begin PBXFileReference section */
		49356FD0176A817600D9F426 /* Default.png */ = {isa = PBXFileReference; lastKnownFileType = image.png; name = Default.png; path = Resources/Default.png; sourceTree = "<group>"; };
		49356FD1176A817600D9F426 /* Default@2x.png */ = {isa = PBXFileReference; lastKnownFileType = image.png; name = "Default@2x.png"; path = "Resources/Default@2x.png"; sourceTree = "<group>"; };
		49356FD2176A817600D9F426 /* map.tmx */ = {isa = PBXFileReference; lastKnownFileType = text.xml; name = map.tmx; path = Resources/map.tmx; sourceTree = "<group>"; };
		49356FD4176A817600D9F426 /* test.plist */ = {isa = PBXFileReference; lastKnownFileType = text.plist.xml; name = test.plist; path = Resources/test.plist; sourceTree = "<group>"; };
		49356FD5176A817600D9F426 /* test.png */ = {isa = PBXFileReference; lastKnownFileType = image.png; name = test.png; path = Resources/test.png; sourceTree = "<group>"; };
		49356FD6176A817600D9F426 /* test.tps */ = {isa = PBXFileReference; lastKnownFileType = file; name = test.tps; path = Resources/test.tps; sourceTree = "<group>"; };
		49356FD7176A817600D9F426 /* tileset.png */ = {isa = PBXFileReference; lastKnownFileType = image.png; name = tileset.png; path = Resources/tileset.png; sourceTree = "<group>"; };
		49356FD8176A819300D9F426 /* pepper.h */ = {isa = PBXFileReference; lastKnownFileType = sourcecode.c.h; name = pepper.h; path = lib/pepper.h; sourceTree = "<group>"; };
		49356FD9176A819300D9F426 /* PPAnimation.h */ = {isa = PBXFileReference; lastKnownFileType = sourcecode.c.h; name = PPAnimation.h; path = lib/PPAnimation.h; sourceTree = "<group>"; };
		49356FDA176A819300D9F426 /* PPAnimation.m */ = {isa = PBXFileReference; lastKnownFileType = sourcecode.c.objc; name = PPAnimation.m; path = lib/PPAnimation.m; sourceTree = "<group>"; };
		49356FDF176A819300D9F426 /* PPCamera.h */ = {isa = PBXFileReference; lastKnownFileType = sourcecode.c.h; name = PPCamera.h; path = lib/PPCamera.h; sourceTree = "<group>"; };
		49356FE0176A819300D9F426 /* PPCamera.m */ = {isa = PBXFileReference; lastKnownFileType = sourcecode.c.objc; name = PPCamera.m; path = lib/PPCamera.m; sourceTree = "<group>"; };
		49356FE1176A819300D9F426 /* ppConstants.h */ = {isa = PBXFileReference; lastKnownFileType = sourcecode.c.h; name = ppConstants.h; path = lib/ppConstants.h; sourceTree = "<group>"; };
		49356FE2176A819300D9F426 /* PPEngine.h */ = {isa = PBXFileReference; lastKnownFileType = sourcecode.c.h; name = PPEngine.h; path = lib/PPEngine.h; sourceTree = "<group>"; };
		49356FE3176A819300D9F426 /* PPEngine.m */ = {isa = PBXFileReference; lastKnownFileType = sourcecode.c.objc; name = PPEngine.m; path = lib/PPEngine.m; sourceTree = "<group>"; };
		49356FE4176A819300D9F426 /* PPFileUtils.h */ = {isa = PBXFileReference; lastKnownFileType = sourcecode.c.h; name = PPFileUtils.h; path = lib/PPFileUtils.h; sourceTree = "<group>"; };
		49356FE5176A819300D9F426 /* PPFileUtils.m */ = {isa = PBXFileReference; lastKnownFileType = sourcecode.c.objc; name = PPFileUtils.m; path = lib/PPFileUtils.m; sourceTree = "<group>"; };
		49356FE8176A819300D9F426 /* PPLayer.h */ = {isa = PBXFileReference; lastKnownFileType = sourcecode.c.h; name = PPLayer.h; path = lib/PPLayer.h; sourceTree = "<group>"; };
		49356FE9176A819300D9F426 /* PPLayer.m */ = {isa = PBXFileReference; lastKnownFileType = sourcecode.c.objc; name = PPLayer.m; path = lib/PPLayer.m; sourceTree = "<group>"; };
		49356FEC176A819300D9F426 /* PPObject.h */ = {isa = PBXFileReference; lastKnownFileType = sourcecode.c.h; name = PPObject.h; path = lib/PPObject.h; sourceTree = "<group>"; };
		49356FED176A819300D9F426 /* PPObject.m */ = {isa = PBXFileReference; lastKnownFileType = sourcecode.c.objc; name = PPObject.m; path = lib/PPObject.m; sourceTree = "<group>"; };
		49356FF0176A819300D9F426 /* PPSprite.h */ = {isa = PBXFileReference; lastKnownFileType = sourcecode.c.h; name = PPSprite.h; path = lib/PPSprite.h; sourceTree = "<group>"; };
		49356FF1176A819300D9F426 /* PPSprite.m */ = {isa = PBXFileReference; lastKnownFileType = sourcecode.c.objc; name = PPSprite.m; path = lib/PPSprite.m; sourceTree = "<group>"; };
		49356FF2176A819300D9F426 /* PPSpriteFrameInfo.h */ = {isa = PBXFileReference; lastKnownFileType = sourcecode.c.h; name = PPSpriteFrameInfo.h; path = lib/PPSpriteFrameInfo.h; sourceTree = "<group>"; };
		49356FF3176A819300D9F426 /* PPSpriteFrameInfo.m */ = {isa = PBXFileReference; lastKnownFileType = sourcecode.c.objc; name = PPSpriteFrameInfo.m; path = lib/PPSpriteFrameInfo.m; sourceTree = "<group>"; };
		49356FF4176A819300D9F426 /* PPSpriteLayer.h */ = {isa = PBXFileReference; lastKnownFileType = sourcecode.c.h; name = PPSpriteLayer.h; path = lib/PPSpriteLayer.h; sourceTree = "<group>"; };
		49356FF5176A819300D9F426 /* PPSpriteLayer.m */ = {isa = PBXFileReference; lastKnownFileType = sourcecode.c.objc; name = PPSpriteLayer.m; path = lib/PPSpriteLayer.m; sourceTree = "<group>"; };
		49356FF6176A819300D9F426 /* PPSpritesheet.h */ = {isa = PBXFileReference; lastKnownFileType = sourcecode.c.h; name = PPSpritesheet.h; path = lib/PPSpritesheet.h; sourceTree = "<group>"; };
		49356FF7176A819300D9F426 /* PPSpritesheet.m */ = {isa = PBXFileReference; lastKnownFileType = sourcecode.c.objc; name = PPSpritesheet.m; path = lib/PPSpritesheet.m; sourceTree = "<group>"; };
		49356FF8176A819300D9F426 /* PPStage.h */ = {isa = PBXFileReference; lastKnownFileType = sourcecode.c.h; name = PPStage.h; path = lib/PPStage.h; sourceTree = "<group>"; };
		49356FF9176A819400D9F426 /* PPStage.m */ = {isa = PBXFileReference; lastKnownFileType = sourcecode.c.objc; name = PPStage.m; path = lib/PPStage.m; sourceTree = "<group>"; };
		49356FFC176A819400D9F426 /* PPStageElement.h */ = {isa = PBXFileReference; lastKnownFileType = sourcecode.c.h; name = PPStageElement.h; path = lib/PPStageElement.h; sourceTree = "<group>"; };
		49356FFD176A819400D9F426 /* PPStageElement.m */ = {isa = PBXFileReference; lastKnownFileType = sourcecode.c.objc; name = PPStageElement.m; path = lib/PPStageElement.m; sourceTree = "<group>"; };
		49356FFE176A819400D9F426 /* PPTextureAtlas.h */ = {isa = PBXFileReference; lastKnownFileType = sourcecode.c.h; name = PPTextureAtlas.h; path = lib/PPTextureAtlas.h; sourceTree = "<group>"; };
		49356FFF176A819400D9F426 /* PPTextureAtlas.m */ = {isa = PBXFileReference; lastKnownFileType = sourcecode.c.objc; name = PPTextureAtlas.m; path = lib/PPTextureAtlas.m; sourceTree = "<group>"; };
		49357002176A819400D9F426 /* PPTileset.h */ = {isa = PBXFileReference; lastKnownFileType = sourcecode.c.h; name = PPTileset.h; path = lib/PPTileset.h; sourceTree = "<group>"; };
		49357003176A819400D9F426 /* PPTileset.m */ = {isa = PBXFileReference; lastKnownFileType = sourcecode.c.objc; name = PPTileset.m; path = lib/PPTileset.m; sourceTree = "<group>"; };
		49357004176A819400D9F426 /* ppVectors.h */ = {isa = PBXFileReference; lastKnownFileType = sourcecode.c.h; name = ppVectors.h; path = lib/ppVectors.h; sourceTree = "<group>"; };
		49357005176A819400D9F426 /* PPViewController.h */ = {isa = PBXFileReference; lastKnownFileType = sourcecode.c.h; name = PPViewController.h; path = lib/PPViewController.h; sourceTree = "<group>"; };
		49357006176A819400D9F426 /* PPViewController.m */ = {isa = PBXFileReference; lastKnownFileType = sourcecode.c.objc; name = PPViewController.m; path = lib/PPViewController.m; sourceTree = "<group>"; };
		4935700B176A834900D9F426 /* PPTilemap.h */ = {isa = PBXFileReference; fileEncoding = 4; lastKnownFileType = sourcecode.c.h; name = PPTilemap.h; path = lib/PPTilemap.h; sourceTree = "<group>"; };
		4935700C176A834900D9F426 /* PPTilemap.m */ = {isa = PBXFileReference; fileEncoding = 4; lastKnownFileType = sourcecode.c.objc; name = PPTilemap.m; path = lib/PPTilemap.m; sourceTree = "<group>"; };
		49357011176A838F00D9F426 /* PPTileLayer.h */ = {isa = PBXFileReference; lastKnownFileType = sourcecode.c.h; name = PPTileLayer.h; path = lib/PPTileLayer.h; sourceTree = "<group>"; };
		49357012176A838F00D9F426 /* PPTileLayer.m */ = {isa = PBXFileReference; lastKnownFileType = sourcecode.c.objc; name = PPTileLayer.m; path = lib/PPTileLayer.m; sourceTree = "<group>"; };
		49357017176A841600D9F426 /* Default-568h@2x.png */ = {isa = PBXFileReference; lastKnownFileType = image.png; name = "Default-568h@2x.png"; path = "Resources/Default-568h@2x.png"; sourceTree = "<group>"; };
		4973F0491761615F00DAD940 /* ViewController.h */ = {isa = PBXFileReference; fileEncoding = 4; lastKnownFileType = sourcecode.c.h; path = ViewController.h; sourceTree = "<group>"; };
		4973F04A1761615F00DAD940 /* ViewController.m */ = {isa = PBXFileReference; fileEncoding = 4; lastKnownFileType = sourcecode.c.objc; path = ViewController.m; sourceTree = "<group>"; };
		499A5C8C175E8FBD000C811E /* TestStage.h */ = {isa = PBXFileReference; fileEncoding = 4; lastKnownFileType = sourcecode.c.h; path = TestStage.h; sourceTree = "<group>"; };
		499A5C8D175E8FBD000C811E /* TestStage.m */ = {isa = PBXFileReference; fileEncoding = 4; lastKnownFileType = sourcecode.c.objc; path = TestStage.m; sourceTree = "<group>"; };
		49D058D7175D5D8400CA0F2E /* Pepper.app */ = {isa = PBXFileReference; explicitFileType = wrapper.application; includeInIndex = 0; path = Pepper.app; sourceTree = BUILT_PRODUCTS_DIR; };
		49D058DA175D5D8400CA0F2E /* UIKit.framework */ = {isa = PBXFileReference; lastKnownFileType = wrapper.framework; name = UIKit.framework; path = System/Library/Frameworks/UIKit.framework; sourceTree = SDKROOT; };
		49D058DC175D5D8400CA0F2E /* Foundation.framework */ = {isa = PBXFileReference; lastKnownFileType = wrapper.framework; name = Foundation.framework; path = System/Library/Frameworks/Foundation.framework; sourceTree = SDKROOT; };
		49D058DE175D5D8400CA0F2E /* CoreGraphics.framework */ = {isa = PBXFileReference; lastKnownFileType = wrapper.framework; name = CoreGraphics.framework; path = System/Library/Frameworks/CoreGraphics.framework; sourceTree = SDKROOT; };
		49D058E2175D5D8400CA0F2E /* Pepper-Info.plist */ = {isa = PBXFileReference; lastKnownFileType = text.plist.xml; path = "Pepper-Info.plist"; sourceTree = "<group>"; };
		49D058E4175D5D8400CA0F2E /* en */ = {isa = PBXFileReference; lastKnownFileType = text.plist.strings; name = en; path = en.lproj/InfoPlist.strings; sourceTree = "<group>"; };
		49D058E6175D5D8400CA0F2E /* main.m */ = {isa = PBXFileReference; lastKnownFileType = sourcecode.c.objc; path = main.m; sourceTree = "<group>"; };
		49D058E8175D5D8400CA0F2E /* Pepper-Prefix.pch */ = {isa = PBXFileReference; lastKnownFileType = sourcecode.c.h; path = "Pepper-Prefix.pch"; sourceTree = "<group>"; };
		49D058E9175D5D8400CA0F2E /* AppDelegate.h */ = {isa = PBXFileReference; lastKnownFileType = sourcecode.c.h; path = AppDelegate.h; sourceTree = "<group>"; };
		49D058EA175D5D8400CA0F2E /* AppDelegate.m */ = {isa = PBXFileReference; lastKnownFileType = sourcecode.c.objc; path = AppDelegate.m; sourceTree = "<group>"; };
		49D05900175D5E3200CA0F2E /* GLKit.framework */ = {isa = PBXFileReference; lastKnownFileType = wrapper.framework; name = GLKit.framework; path = System/Library/Frameworks/GLKit.framework; sourceTree = SDKROOT; };
		49D05901175D5E3200CA0F2E /* OpenGLES.framework */ = {isa = PBXFileReference; lastKnownFileType = wrapper.framework; name = OpenGLES.framework; path = System/Library/Frameworks/OpenGLES.framework; sourceTree = SDKROOT; };
/* End PBXFileReference section */

/* Begin PBXFrameworksBuildPhase section */
		49D058D4175D5D8400CA0F2E /* Frameworks */ = {
			isa = PBXFrameworksBuildPhase;
			buildActionMask = 2147483647;
			files = (
				49D05902175D5E3200CA0F2E /* GLKit.framework in Frameworks */,
				49D05903175D5E3200CA0F2E /* OpenGLES.framework in Frameworks */,
				49D058DB175D5D8400CA0F2E /* UIKit.framework in Frameworks */,
				49D058DD175D5D8400CA0F2E /* Foundation.framework in Frameworks */,
				49D058DF175D5D8400CA0F2E /* CoreGraphics.framework in Frameworks */,
			);
			runOnlyForDeploymentPostprocessing = 0;
		};
/* End PBXFrameworksBuildPhase section */

/* Begin PBXGroup section */
		49357007176A820800D9F426 /* Engine */ = {
			isa = PBXGroup;
			children = (
				49356FE2176A819300D9F426 /* PPEngine.h */,
				49356FE3176A819300D9F426 /* PPEngine.m */,
				49357005176A819400D9F426 /* PPViewController.h */,
				49357006176A819400D9F426 /* PPViewController.m */,
				49356FD9176A819300D9F426 /* PPAnimation.h */,
				49356FDA176A819300D9F426 /* PPAnimation.m */,
			);
			name = Engine;
			sourceTree = "<group>";
		};
		49357008176A822E00D9F426 /* Foundation */ = {
			isa = PBXGroup;
			children = (
				49356FEC176A819300D9F426 /* PPObject.h */,
				49356FED176A819300D9F426 /* PPObject.m */,
				49356FFC176A819400D9F426 /* PPStageElement.h */,
				49356FFD176A819400D9F426 /* PPStageElement.m */,
				49356FDF176A819300D9F426 /* PPCamera.h */,
				49356FE0176A819300D9F426 /* PPCamera.m */,
				49356FF0176A819300D9F426 /* PPSprite.h */,
				49356FF1176A819300D9F426 /* PPSprite.m */,
				49356FF2176A819300D9F426 /* PPSpriteFrameInfo.h */,
				49356FF3176A819300D9F426 /* PPSpriteFrameInfo.m */,
				49356FFE176A819400D9F426 /* PPTextureAtlas.h */,
				49356FFF176A819400D9F426 /* PPTextureAtlas.m */,
				49356FF6176A819300D9F426 /* PPSpritesheet.h */,
				49356FF7176A819300D9F426 /* PPSpritesheet.m */,
				49357002176A819400D9F426 /* PPTileset.h */,
				49357003176A819400D9F426 /* PPTileset.m */,
				4935700B176A834900D9F426 /* PPTilemap.h */,
				4935700C176A834900D9F426 /* PPTilemap.m */,
			);
			name = Foundation;
			sourceTree = "<group>";
		};
		49357009176A823700D9F426 /* Util */ = {
			isa = PBXGroup;
			children = (
				49356FE1176A819300D9F426 /* ppConstants.h */,
				49357004176A819400D9F426 /* ppVectors.h */,
				49356FE4176A819300D9F426 /* PPFileUtils.h */,
				49356FE5176A819300D9F426 /* PPFileUtils.m */,
			);
			name = Util;
			sourceTree = "<group>";
		};
		4935700A176A82BD00D9F426 /* Stage */ = {
			isa = PBXGroup;
			children = (
				49356FF8176A819300D9F426 /* PPStage.h */,
				49356FF9176A819400D9F426 /* PPStage.m */,
				49356FE8176A819300D9F426 /* PPLayer.h */,
				49356FE9176A819300D9F426 /* PPLayer.m */,
				49356FF4176A819300D9F426 /* PPSpriteLayer.h */,
				49356FF5176A819300D9F426 /* PPSpriteLayer.m */,
				49357011176A838F00D9F426 /* PPTileLayer.h */,
				49357012176A838F00D9F426 /* PPTileLayer.m */,
			);
			name = Stage;
			sourceTree = "<group>";
		};
		49D058CE175D5D8400CA0F2E = {
			isa = PBXGroup;
			children = (
				49D058E0175D5D8400CA0F2E /* Pepper */,
				49D058D9175D5D8400CA0F2E /* Frameworks */,
				49D058D8175D5D8400CA0F2E /* Products */,
			);
			sourceTree = "<group>";
		};
		49D058D8175D5D8400CA0F2E /* Products */ = {
			isa = PBXGroup;
			children = (
				49D058D7175D5D8400CA0F2E /* Pepper.app */,
			);
			name = Products;
			sourceTree = "<group>";
		};
		49D058D9175D5D8400CA0F2E /* Frameworks */ = {
			isa = PBXGroup;
			children = (
				49D05900175D5E3200CA0F2E /* GLKit.framework */,
				49D05901175D5E3200CA0F2E /* OpenGLES.framework */,
				49D058DA175D5D8400CA0F2E /* UIKit.framework */,
				49D058DC175D5D8400CA0F2E /* Foundation.framework */,
				49D058DE175D5D8400CA0F2E /* CoreGraphics.framework */,
			);
			name = Frameworks;
			sourceTree = "<group>";
		};
		49D058E0175D5D8400CA0F2E /* Pepper */ = {
			isa = PBXGroup;
			children = (
				49D05907175D5FBE00CA0F2E /* App */,
				49D05909175D5FE600CA0F2E /* lib */,
				49D058E1175D5D8400CA0F2E /* Resources */,
				49D05908175D5FD700CA0F2E /* Supporting Files */,
			);
			path = Pepper;
			sourceTree = "<group>";
		};
		49D058E1175D5D8400CA0F2E /* Resources */ = {
			isa = PBXGroup;
			children = (
				49357017176A841600D9F426 /* Default-568h@2x.png */,
				49356FD0176A817600D9F426 /* Default.png */,
				49356FD1176A817600D9F426 /* Default@2x.png */,
				49356FD2176A817600D9F426 /* map.tmx */,
				49356FD4176A817600D9F426 /* test.plist */,
				49356FD5176A817600D9F426 /* test.png */,
				49356FD6176A817600D9F426 /* test.tps */,
				49356FD7176A817600D9F426 /* tileset.png */,
			);
			name = Resources;
			sourceTree = "<group>";
		};
		49D05907175D5FBE00CA0F2E /* App */ = {
			isa = PBXGroup;
			children = (
				49D058E9175D5D8400CA0F2E /* AppDelegate.h */,
				49D058EA175D5D8400CA0F2E /* AppDelegate.m */,
				4973F0491761615F00DAD940 /* ViewController.h */,
				4973F04A1761615F00DAD940 /* ViewController.m */,
				499A5C8C175E8FBD000C811E /* TestStage.h */,
				499A5C8D175E8FBD000C811E /* TestStage.m */,
			);
			name = App;
			sourceTree = "<group>";
		};
		49D05908175D5FD700CA0F2E /* Supporting Files */ = {
			isa = PBXGroup;
			children = (
				49D058E2175D5D8400CA0F2E /* Pepper-Info.plist */,
				49D058E3175D5D8400CA0F2E /* InfoPlist.strings */,
				49D058E6175D5D8400CA0F2E /* main.m */,
				49D058E8175D5D8400CA0F2E /* Pepper-Prefix.pch */,
			);
			name = "Supporting Files";
			sourceTree = "<group>";
		};
		49D05909175D5FE600CA0F2E /* lib */ = {
			isa = PBXGroup;
			children = (
				49356FD8176A819300D9F426 /* pepper.h */,
				49357007176A820800D9F426 /* Engine */,
				4935700A176A82BD00D9F426 /* Stage */,
				49357008176A822E00D9F426 /* Foundation */,
				49357009176A823700D9F426 /* Util */,
			);
			name = lib;
			sourceTree = "<group>";
		};
/* End PBXGroup section */

/* Begin PBXLegacyTarget section */
		499A5C8F175E918A000C811E /* docgen */ = {
			isa = PBXLegacyTarget;
			buildArgumentsString = "--project-name Pepper --project-company \"Andrew Wang\" --company-id net.landofstuff --output .. .";
			buildConfigurationList = 499A5C90175E918B000C811E /* Build configuration list for PBXLegacyTarget "docgen" */;
			buildPhases = (
			);
			buildToolPath = /usr/local/bin/appledoc;
			buildWorkingDirectory = /Users/andrew/Dev/xcode/Pepper/Pepper;
			dependencies = (
			);
			name = docgen;
			passBuildSettingsInEnvironment = 1;
			productName = docgen;
		};
/* End PBXLegacyTarget section */

/* Begin PBXNativeTarget section */
		49D058D6175D5D8400CA0F2E /* Pepper */ = {
			isa = PBXNativeTarget;
			buildConfigurationList = 49D058FD175D5D8400CA0F2E /* Build configuration list for PBXNativeTarget "Pepper" */;
			buildPhases = (
				49D058D3175D5D8400CA0F2E /* Sources */,
				49D058D4175D5D8400CA0F2E /* Frameworks */,
				49D058D5175D5D8400CA0F2E /* Resources */,
			);
			buildRules = (
			);
			dependencies = (
			);
			name = Pepper;
			productName = Pepper;
			productReference = 49D058D7175D5D8400CA0F2E /* Pepper.app */;
			productType = "com.apple.product-type.application";
		};
/* End PBXNativeTarget section */

/* Begin PBXProject section */
		49D058CF175D5D8400CA0F2E /* Project object */ = {
			isa = PBXProject;
			attributes = {
				CLASSPREFIX = PP;
				LastUpgradeCheck = 0460;
				ORGANIZATIONNAME = "Andrew Wang";
			};
			buildConfigurationList = 49D058D2175D5D8400CA0F2E /* Build configuration list for PBXProject "Pepper" */;
			compatibilityVersion = "Xcode 3.2";
			developmentRegion = English;
			hasScannedForEncodings = 0;
			knownRegions = (
				en,
			);
			mainGroup = 49D058CE175D5D8400CA0F2E;
			productRefGroup = 49D058D8175D5D8400CA0F2E /* Products */;
			projectDirPath = "";
			projectRoot = "";
			targets = (
				49D058D6175D5D8400CA0F2E /* Pepper */,
				499A5C8F175E918A000C811E /* docgen */,
			);
		};
/* End PBXProject section */

/* Begin PBXResourcesBuildPhase section */
		49D058D5175D5D8400CA0F2E /* Resources */ = {
			isa = PBXResourcesBuildPhase;
			buildActionMask = 2147483647;
			files = (
				49D058E5175D5D8400CA0F2E /* InfoPlist.strings in Resources */,
				49357018176A841600D9F426 /* Default-568h@2x.png in Resources */,
			);
			runOnlyForDeploymentPostprocessing = 0;
		};
/* End PBXResourcesBuildPhase section */

/* Begin PBXSourcesBuildPhase section */
		49D058D3175D5D8400CA0F2E /* Sources */ = {
			isa = PBXSourcesBuildPhase;
			buildActionMask = 2147483647;
			files = (
				49357040176A84EF00D9F426 /* PPEngine.m in Sources */,
				49357041176A84EF00D9F426 /* PPViewController.m in Sources */,
				49357042176A84EF00D9F426 /* PPAnimation.m in Sources */,
				49357043176A84EF00D9F426 /* PPStage.m in Sources */,
				49357044176A84EF00D9F426 /* PPLayer.m in Sources */,
				49357045176A84EF00D9F426 /* PPSpriteLayer.m in Sources */,
				49357046176A84EF00D9F426 /* PPTileLayer.m in Sources */,
				49357047176A84EF00D9F426 /* PPObject.m in Sources */,
				49357048176A84EF00D9F426 /* PPStageElement.m in Sources */,
				49357049176A84EF00D9F426 /* PPCamera.m in Sources */,
				4935704A176A84EF00D9F426 /* PPSprite.m in Sources */,
				4935704B176A84EF00D9F426 /* PPSpriteFrameInfo.m in Sources */,
				4935704C176A84EF00D9F426 /* PPTextureAtlas.m in Sources */,
				4935704D176A84EF00D9F426 /* PPSpritesheet.m in Sources */,
				4935704E176A84EF00D9F426 /* PPTileset.m in Sources */,
				4935704F176A84EF00D9F426 /* PPTilemap.m in Sources */,
				49357050176A84EF00D9F426 /* PPFileUtils.m in Sources */,
				49D058E7175D5D8400CA0F2E /* main.m in Sources */,
				49D058EB175D5D8400CA0F2E /* AppDelegate.m in Sources */,
				499A5C8E175E8FBD000C811E /* TestStage.m in Sources */,
				4973F04B1761615F00DAD940 /* ViewController.m in Sources */,
			);
			runOnlyForDeploymentPostprocessing = 0;
		};
/* End PBXSourcesBuildPhase section */

/* Begin PBXVariantGroup section */
		49D058E3175D5D8400CA0F2E /* InfoPlist.strings */ = {
			isa = PBXVariantGroup;
			children = (
				49D058E4175D5D8400CA0F2E /* en */,
			);
			name = InfoPlist.strings;
			sourceTree = "<group>";
		};
/* End PBXVariantGroup section */

/* Begin XCBuildConfiguration section */
		499A5C91175E918B000C811E /* Debug */ = {
			isa = XCBuildConfiguration;
			buildSettings = {
				ARCHS = "$(ARCHS_STANDARD_64_BIT)";
				DEBUGGING_SYMBOLS = YES;
				GCC_ENABLE_OBJC_EXCEPTIONS = YES;
				GCC_GENERATE_DEBUGGING_SYMBOLS = YES;
				GCC_OPTIMIZATION_LEVEL = 0;
				GCC_WARN_64_TO_32_BIT_CONVERSION = YES;
				MACOSX_DEPLOYMENT_TARGET = 10.7;
				OTHER_CFLAGS = "";
				OTHER_LDFLAGS = "";
				PRODUCT_NAME = "$(TARGET_NAME)";
				SDKROOT = macosx;
			};
			name = Debug;
		};
		499A5C92175E918B000C811E /* Release */ = {
			isa = XCBuildConfiguration;
			buildSettings = {
				ARCHS = "$(ARCHS_STANDARD_64_BIT)";
				DEBUG_INFORMATION_FORMAT = "dwarf-with-dsym";
				GCC_ENABLE_OBJC_EXCEPTIONS = YES;
				GCC_WARN_64_TO_32_BIT_CONVERSION = YES;
				MACOSX_DEPLOYMENT_TARGET = 10.7;
				OTHER_CFLAGS = "";
				OTHER_LDFLAGS = "";
				PRODUCT_NAME = "$(TARGET_NAME)";
				SDKROOT = macosx;
			};
			name = Release;
		};
		49D058FB175D5D8400CA0F2E /* Debug */ = {
			isa = XCBuildConfiguration;
			buildSettings = {
				ALWAYS_SEARCH_USER_PATHS = NO;
				CLANG_CXX_LANGUAGE_STANDARD = "gnu++0x";
				CLANG_CXX_LIBRARY = "libc++";
				CLANG_ENABLE_OBJC_ARC = YES;
				CLANG_WARN_CONSTANT_CONVERSION = YES;
				CLANG_WARN_EMPTY_BODY = YES;
				CLANG_WARN_ENUM_CONVERSION = YES;
				CLANG_WARN_INT_CONVERSION = YES;
				CLANG_WARN__DUPLICATE_METHOD_MATCH = YES;
				"CODE_SIGN_IDENTITY[sdk=iphoneos*]" = "iPhone Developer";
				COPY_PHASE_STRIP = NO;
				GCC_C_LANGUAGE_STANDARD = gnu99;
				GCC_DYNAMIC_NO_PIC = NO;
				GCC_OPTIMIZATION_LEVEL = 0;
				GCC_PREPROCESSOR_DEFINITIONS = (
					"DEBUG=1",
					"$(inherited)",
				);
				GCC_SYMBOLS_PRIVATE_EXTERN = NO;
				GCC_WARN_ABOUT_RETURN_TYPE = YES;
				GCC_WARN_UNINITIALIZED_AUTOS = YES;
				GCC_WARN_UNUSED_VARIABLE = YES;
				IPHONEOS_DEPLOYMENT_TARGET = 6.1;
				ONLY_ACTIVE_ARCH = YES;
				SDKROOT = iphoneos;
				TARGETED_DEVICE_FAMILY = "1,2";
			};
			name = Debug;
		};
		49D058FC175D5D8400CA0F2E /* Release */ = {
			isa = XCBuildConfiguration;
			buildSettings = {
				ALWAYS_SEARCH_USER_PATHS = NO;
				CLANG_CXX_LANGUAGE_STANDARD = "gnu++0x";
				CLANG_CXX_LIBRARY = "libc++";
				CLANG_ENABLE_OBJC_ARC = YES;
				CLANG_WARN_CONSTANT_CONVERSION = YES;
				CLANG_WARN_EMPTY_BODY = YES;
				CLANG_WARN_ENUM_CONVERSION = YES;
				CLANG_WARN_INT_CONVERSION = YES;
				CLANG_WARN__DUPLICATE_METHOD_MATCH = YES;
				"CODE_SIGN_IDENTITY[sdk=iphoneos*]" = "iPhone Developer";
				COPY_PHASE_STRIP = YES;
				GCC_C_LANGUAGE_STANDARD = gnu99;
				GCC_WARN_ABOUT_RETURN_TYPE = YES;
				GCC_WARN_UNINITIALIZED_AUTOS = YES;
				GCC_WARN_UNUSED_VARIABLE = YES;
				IPHONEOS_DEPLOYMENT_TARGET = 6.1;
				OTHER_CFLAGS = "-DNS_BLOCK_ASSERTIONS=1";
				SDKROOT = iphoneos;
				TARGETED_DEVICE_FAMILY = "1,2";
				VALIDATE_PRODUCT = YES;
			};
			name = Release;
		};
		49D058FE175D5D8400CA0F2E /* Debug */ = {
			isa = XCBuildConfiguration;
			buildSettings = {
				GCC_PRECOMPILE_PREFIX_HEADER = YES;
				GCC_PREFIX_HEADER = "Pepper/Pepper-Prefix.pch";
				INFOPLIST_FILE = "Pepper/Pepper-Info.plist";
				PRODUCT_NAME = "$(TARGET_NAME)";
				WRAPPER_EXTENSION = app;
			};
			name = Debug;
		};
		49D058FF175D5D8400CA0F2E /* Release */ = {
			isa = XCBuildConfiguration;
			buildSettings = {
				GCC_PRECOMPILE_PREFIX_HEADER = YES;
				GCC_PREFIX_HEADER = "Pepper/Pepper-Prefix.pch";
				INFOPLIST_FILE = "Pepper/Pepper-Info.plist";
				PRODUCT_NAME = "$(TARGET_NAME)";
				WRAPPER_EXTENSION = app;
			};
			name = Release;
		};
/* End XCBuildConfiguration section */

/* Begin XCConfigurationList section */
		499A5C90175E918B000C811E /* Build configuration list for PBXLegacyTarget "docgen" */ = {
			isa = XCConfigurationList;
			buildConfigurations = (
				499A5C91175E918B000C811E /* Debug */,
				499A5C92175E918B000C811E /* Release */,
			);
			defaultConfigurationIsVisible = 0;
			defaultConfigurationName = Release;
		};
		49D058D2175D5D8400CA0F2E /* Build configuration list for PBXProject "Pepper" */ = {
			isa = XCConfigurationList;
			buildConfigurations = (
				49D058FB175D5D8400CA0F2E /* Debug */,
				49D058FC175D5D8400CA0F2E /* Release */,
			);
			defaultConfigurationIsVisible = 0;
			defaultConfigurationName = Release;
		};
		49D058FD175D5D8400CA0F2E /* Build configuration list for PBXNativeTarget "Pepper" */ = {
			isa = XCConfigurationList;
			buildConfigurations = (
				49D058FE175D5D8400CA0F2E /* Debug */,
				49D058FF175D5D8400CA0F2E /* Release */,
			);
			defaultConfigurationIsVisible = 0;
			defaultConfigurationName = Release;
		};
/* End XCConfigurationList section */
	};
	rootObject = 49D058CF175D5D8400CA0F2E /* Project object */;
}
